
Microsoft Visual Studio Solution File, Format Version 12.00
# Visual Studio Version 16
VisualStudioVersion = 16.0.30804.86
MinimumVisualStudioVersion = 10.0.40219.1
Project("{9A19103F-16F7-4668-BE54-9A1E7A4F7556}") = "FuelWizard.UnitTests", "FuelWizard.UnitTests\FuelWizard.UnitTests.csproj", "{7A24BAEA-A6FE-488C-A179-0534E5693A8C}"
EndProject
Project("{9A19103F-16F7-4668-BE54-9A1E7A4F7556}") = "FuelWizardConsoleCollector", "FuelWizardConsoleCollector\FuelWizardConsoleCollector.csproj", "{06B5F6A3-A0C4-400F-A032-7A0F224B6E4D}"
EndProject
Project("{FAE04EC0-301F-11D3-BF4B-00C04F79EFBC}") = "ByIconic.FuelWizard", "ByIconic.FuelWizard\ByIconic.FuelWizard.csproj", "{02364EB8-56E9-4EC8-B578-080EA50FAB7D}"
EndProject
Global
	GlobalSection(SolutionConfigurationPlatforms) = preSolution
		Debug|Any CPU = Debug|Any CPU
		Release|Any CPU = Release|Any CPU
	EndGlobalSection
	GlobalSection(ProjectConfigurationPlatforms) = postSolution
		{7A24BAEA-A6FE-488C-A179-0534E5693A8C}.Debug|Any CPU.ActiveCfg = Debug|Any CPU
		{7A24BAEA-A6FE-488C-A179-0534E5693A8C}.Debug|Any CPU.Build.0 = Debug|Any CPU
		{7A24BAEA-A6FE-488C-A179-0534E5693A8C}.Release|Any CPU.ActiveCfg = Release|Any CPU
		{7A24BAEA-A6FE-488C-A179-0534E5693A8C}.Release|Any CPU.Build.0 = Release|Any CPU
		{06B5F6A3-A0C4-400F-A032-7A0F224B6E4D}.Debug|Any CPU.ActiveCfg = Debug|Any CPU
		{06B5F6A3-A0C4-400F-A032-7A0F224B6E4D}.Debug|Any CPU.Build.0 = Debug|Any CPU
		{06B5F6A3-A0C4-400F-A032-7A0F224B6E4D}.Release|Any CPU.ActiveCfg = Release|Any CPU
		{06B5F6A3-A0C4-400F-A032-7A0F224B6E4D}.Release|Any CPU.Build.0 = Release|Any CPU
		{02364EB8-56E9-4EC8-B578-080EA50FAB7D}.Debug|Any CPU.ActiveCfg = Debug|Any CPU
		{02364EB8-56E9-4EC8-B578-080EA50FAB7D}.Debug|Any CPU.Build.0 = Debug|Any CPU
		{02364EB8-56E9-4EC8-B578-080EA50FAB7D}.Release|Any CPU.ActiveCfg = Release|Any CPU
		{02364EB8-56E9-4EC8-B578-080EA50FAB7D}.Release|Any CPU.Build.0 = Release|Any CPU
	EndGlobalSection
	GlobalSection(SolutionProperties) = preSolution
		HideSolutionNode = FALSE
	EndGlobalSection
	GlobalSection(ExtensibilityGlobals) = postSolution
		SolutionGuid = {92E40362-8914-4489-883A-52B53D93BC63}
	EndGlobalSection
EndGlobal
